
Microsoft Visual Studio Solution File, Format Version 12.00
# Visual Studio 15
Project("{FAE04EC0-301F-11D3-BF4B-00C04F79EFBC}") = "Assembly-CSharp", "Assembly-CSharp.csproj", "{4F2C1B06-90F0-2898-B8DA-31E349D5C468}"
EndProject
Project("{FAE04EC0-301F-11D3-BF4B-00C04F79EFBC}") = "Unity.VisualStudio.Editor", "Unity.VisualStudio.Editor.csproj", "{952CDB0D-D2F0-6EEB-D296-C0F87268D174}"
EndProject
Project("{FAE04EC0-301F-11D3-BF4B-00C04F79EFBC}") = "Assembly-CSharp.Player", "Assembly-CSharp.Player.csproj", "{77A017ED-2FA4-0B60-03AA-C1A8A9694EB1}"
EndProject
Project("{FAE04EC0-301F-11D3-BF4B-00C04F79EFBC}") = "Assembly-CSharp.Player", "Assembly-CSharp.Player.csproj", "{6066E543-6188-A440-E372-875A7F02E00F}"
EndProject
Global
	GlobalSection(SolutionConfigurationPlatforms) = preSolution
		Debug|Any CPU = Debug|Any CPU
		Release|Any CPU = Release|Any CPU
	EndGlobalSection
	GlobalSection(ProjectConfigurationPlatforms) = postSolution
		{4F2C1B06-90F0-2898-B8DA-31E349D5C468}.Debug|Any CPU.ActiveCfg = Debug|Any CPU
		{4F2C1B06-90F0-2898-B8DA-31E349D5C468}.Debug|Any CPU.Build.0 = Debug|Any CPU
		{4F2C1B06-90F0-2898-B8DA-31E349D5C468}.Release|Any CPU.ActiveCfg = Release|Any CPU
		{4F2C1B06-90F0-2898-B8DA-31E349D5C468}.Release|Any CPU.Build.0 = Release|Any CPU
		{952CDB0D-D2F0-6EEB-D296-C0F87268D174}.Debug|Any CPU.ActiveCfg = Debug|Any CPU
		{952CDB0D-D2F0-6EEB-D296-C0F87268D174}.Debug|Any CPU.Build.0 = Debug|Any CPU
		{952CDB0D-D2F0-6EEB-D296-C0F87268D174}.Release|Any CPU.ActiveCfg = Release|Any CPU
		{952CDB0D-D2F0-6EEB-D296-C0F87268D174}.Release|Any CPU.Build.0 = Release|Any CPU
		{77A017ED-2FA4-0B60-03AA-C1A8A9694EB1}.Debug|Any CPU.ActiveCfg = Debug|Any CPU
		{77A017ED-2FA4-0B60-03AA-C1A8A9694EB1}.Debug|Any CPU.Build.0 = Debug|Any CPU
		{77A017ED-2FA4-0B60-03AA-C1A8A9694EB1}.Release|Any CPU.ActiveCfg = Release|Any CPU
		{77A017ED-2FA4-0B60-03AA-C1A8A9694EB1}.Release|Any CPU.Build.0 = Release|Any CPU
		{6066E543-6188-A440-E372-875A7F02E00F}.Debug|Any CPU.ActiveCfg = Debug|Any CPU
		{6066E543-6188-A440-E372-875A7F02E00F}.Debug|Any CPU.Build.0 = Debug|Any CPU
		{6066E543-6188-A440-E372-875A7F02E00F}.Release|Any CPU.ActiveCfg = Release|Any CPU
		{6066E543-6188-A440-E372-875A7F02E00F}.Release|Any CPU.Build.0 = Release|Any CPU
	EndGlobalSection
	GlobalSection(SolutionProperties) = preSolution
		HideSolutionNode = FALSE
	EndGlobalSection
EndGlobal
